{
  "name": "guided-repl-seeder",
  "version": "0.1.0",
  "lockfileVersion": 3,
  "requires": true,
  "packages": {
    "": {
      "name": "guided-repl-seeder",
      "version": "0.1.0",
      "dependencies": {
        "@guided-repl/protocol": "file:../../packages/guided-repl-protocol"
      },
      "bin": {
        "seed-lessons": "src/cli.js"
      }
    },
    "../../packages/guided-repl-protocol": {
      "version": "0.1.0"
    },
    "node_modules/@guided-repl/protocol": {
      "resolved": "../../packages/guided-repl-protocol",
      "link": true
    }
  }
}
